
Microsoft Visual Studio Solution File, Format Version 12.00
# Visual Studio 15
VisualStudioVersion = 15.0.28307.572
MinimumVisualStudioVersion = 10.0.40219.1
Project("{FAE04EC0-301F-11D3-BF4B-00C04F79EFBC}") = "MolkomRecruitmentTask", "MolkomRecruitmentTask\MolkomRecruitmentTask.csproj", "{83AB2217-F5C0-4014-8BA0-FECD3586429E}"
EndProject
Global
	GlobalSection(SolutionConfigurationPlatforms) = preSolution
		Debug|Any CPU = Debug|Any CPU
		Release|Any CPU = Release|Any CPU
	EndGlobalSection
	GlobalSection(ProjectConfigurationPlatforms) = postSolution
		{83AB2217-F5C0-4014-8BA0-FECD3586429E}.Debug|Any CPU.ActiveCfg = Debug|Any CPU
		{83AB2217-F5C0-4014-8BA0-FECD3586429E}.Debug|Any CPU.Build.0 = Debug|Any CPU
		{83AB2217-F5C0-4014-8BA0-FECD3586429E}.Release|Any CPU.ActiveCfg = Release|Any CPU
		{83AB2217-F5C0-4014-8BA0-FECD3586429E}.Release|Any CPU.Build.0 = Release|Any CPU
	EndGlobalSection
	GlobalSection(SolutionProperties) = preSolution
		HideSolutionNode = FALSE
	EndGlobalSection
	GlobalSection(ExtensibilityGlobals) = postSolution
		SolutionGuid = {C652A532-11D0-40C3-B4CD-709434F8EB1D}
	EndGlobalSection
EndGlobal
